<?xml version="1.0" encoding="utf-8"?>
<Project ToolsVersion="4.0" xmlns="http://schemas.microsoft.com/developer/msbuild/2003">
  <ItemGroup>
    <Filter Include="Source Files">
      <UniqueIdentifier>{4FC737F1-C7A5-4376-A066-2A32D752A2FF}</UniqueIdentifier>
      <Extensions>cpp;c;cc;cxx;c++;cppm;ixx;def;odl;idl;hpj;bat;asm;asmx</Extensions>
    </Filter>
    <Filter Include="Header Files">
      <UniqueIdentifier>{93995380-89BD-4b04-88EB-625FBE52EBFB}</UniqueIdentifier>
      <Extensions>h;hh;hpp;hxx;h++;hm;inl;inc;ipp;xsd</Extensions>
    </Filter>
    <Filter Include="Resource Files">
      <UniqueIdentifier>{67DA6AB6-F800-4c08-8B7A-83BB121AAD01}</UniqueIdentifier>
      <Extensions>rc;ico;cur;bmp;dlg;rc2;rct;bin;rgs;gif;jpg;jpeg;jpe;resx;tiff;tif;png;wav;mfcribbon-ms</Extensions>
    </Filter>
    <Filter Include="Imgui">
      <UniqueIdentifier>{2e9b556d-a1d8-4b5a-a750-464cd1c4425c}</UniqueIdentifier>
    </Filter>
  </ItemGroup>
  <ItemGroup>
    <ClCompile Include="examples\main.cpp">
      <Filter>Source Files</Filter>
    </ClCompile>
    <ClCompile Include="third_party\imgui\imgui.cpp">
      <Filter>Imgui</Filter>
    </ClCompile>
    <ClCompile Include="third_party\imgui\imgui_demo.cpp">
      <Filter>Imgui</Filter>
    </ClCompile>
    <ClCompile Include="third_party\imgui\imgui_draw.cpp">
      <Filter>Imgui</Filter>
    </ClCompile>
    <ClCompile Include="third_party\imgui\imgui_impl_win32.cpp">
      <Filter>Imgui</Filter>
    </ClCompile>
    <ClCompile Include="third_party\imgui\imgui_tables.cpp">
      <Filter>Imgui</Filter>
    </ClCompile>
    <ClCompile Include="third_party\imgui\imgui_widgets.cpp">
      <Filter>Imgui</Filter>
    </ClCompile>
    <ClCompile Include="third_party\imgui\imgui_impl_dx11.cpp">
      <Filter>Imgui</Filter>
    </ClCompile>
    <ClCompile Include="examples\EditerDemo.cpp">
      <Filter>Source Files</Filter>
    </ClCompile>
    <ClCompile Include="src\Engine\ECS\EntityPool.cpp">
      <Filter>Source Files</Filter>
    </ClCompile>
    <ClCompile Include="src\Engine\ECS\System\CleanUpGroup.cpp">
      <Filter>Source Files</Filter>
    </ClCompile>
    <ClCompile Include="src\Engine\ECS\System\InitializationGroup.cpp">
      <Filter>Source Files</Filter>
    </ClCompile>
    <ClCompile Include="src\Engine\ECS\System\PresentationGroup.cpp">
      <Filter>Source Files</Filter>
    </ClCompile>
    <ClCompile Include="src\Engine\ECS\System\SimulationGroup.cpp">
      <Filter>Source Files</Filter>
    </ClCompile>
    <ClCompile Include="src\Engine\ECS\System\SystemGroup.cpp">
      <Filter>Source Files</Filter>
    </ClCompile>
    <ClCompile Include="src\Engine\ECS\System\SystemScheduler.cpp">
      <Filter>Source Files</Filter>
    </ClCompile>
    <ClCompile Include="src\Engine\JobSystem\JobManager.cpp">
      <Filter>Source Files</Filter>
    </ClCompile>
    <ClCompile Include="src\Editor\EditorApp.cpp">
      <Filter>Source Files</Filter>
    </ClCompile>
  </ItemGroup>
  <ItemGroup>
    <ClInclude Include="include\TestFramework.hpp">
      <Filter>Header Files</Filter>
    </ClInclude>
    <ClInclude Include="include\Engine\ECS\Events\CallbackListMT.hpp">
      <Filter>Header Files</Filter>
    </ClInclude>
    <ClInclude Include="include\Engine\ECS\Events\CallBackListST.hpp">
      <Filter>Header Files</Filter>
    </ClInclude>
    <ClInclude Include="include\Engine\ECS\Events\Event.hpp">
      <Filter>Header Files</Filter>
    </ClInclude>
    <ClInclude Include="include\Engine\ECS\Events\EventDispatcherMT.hpp">
      <Filter>Header Files</Filter>
    </ClInclude>
    <ClInclude Include="include\Engine\ECS\Events\EventDispatcherST.hpp">
      <Filter>Header Files</Filter>
    </ClInclude>
    <ClInclude Include="include\Engine\ECS\Events\EventQueue.hpp">
      <Filter>Header Files</Filter>
    </ClInclude>
    <ClInclude Include="include\Engine\ECS\Events\OrderedQueueList.hpp">
      <Filter>Header Files</Filter>
    </ClInclude>
    <ClInclude Include="include\Engine\ECS\Events\Signal.hpp">
      <Filter>Header Files</Filter>
    </ClInclude>
    <ClInclude Include="include\Engine\ECS\Events\IEvent.hpp">
      <Filter>Header Files</Filter>
    </ClInclude>
    <ClInclude Include="include\Engine\ECS\ComponentPoolManager.hpp">
      <Filter>Header Files</Filter>
    </ClInclude>
    <ClInclude Include="include\Engine\ECS\Entity.h">
      <Filter>Header Files</Filter>
    </ClInclude>
    <ClInclude Include="include\Engine\ECS\EntityEventMixin.hpp">
      <Filter>Header Files</Filter>
    </ClInclude>
    <ClInclude Include="include\Engine\ECS\EntityPool.h">
      <Filter>Header Files</Filter>
    </ClInclude>
    <ClInclude Include="include\Engine\ECS\group.hpp">
      <Filter>Header Files</Filter>
    </ClInclude>
    <ClInclude Include="include\Engine\ECS\SparseSet.h">
      <Filter>Header Files</Filter>
    </ClInclude>
    <ClInclude Include="include\Engine\ECS\Storage.hpp">
      <Filter>Header Files</Filter>
    </ClInclude>
    <ClInclude Include="include\Engine\ECS\StorageMixin.hpp">
      <Filter>Header Files</Filter>
    </ClInclude>
    <ClInclude Include="include\Engine\ECS\typeList.hpp">
      <Filter>Header Files</Filter>
    </ClInclude>
    <ClInclude Include="include\Engine\ECS\World.h">
      <Filter>Header Files</Filter>
    </ClInclude>
    <ClInclude Include="include\Engine\ECS\System\CleanUpGroup.h">
      <Filter>Header Files</Filter>
    </ClInclude>
    <ClInclude Include="include\Engine\ECS\System\InitializationGroup.h">
      <Filter>Header Files</Filter>
    </ClInclude>
    <ClInclude Include="include\Engine\ECS\System\PresentationGroup.h">
      <Filter>Header Files</Filter>
    </ClInclude>
    <ClInclude Include="include\Engine\ECS\System\SystemScheduler.h">
      <Filter>Header Files</Filter>
    </ClInclude>
    <ClInclude Include="include\Engine\ECS\System\SimulationGroup.h">
      <Filter>Header Files</Filter>
    </ClInclude>
    <ClInclude Include="include\Engine\ECS\System\SystemBase.hpp">
      <Filter>Header Files</Filter>
    </ClInclude>
    <ClInclude Include="include\Engine\ECS\System\SystemGroup.h">
      <Filter>Header Files</Filter>
    </ClInclude>
    <ClInclude Include="examples\ecsTest.h">
      <Filter>Header Files</Filter>
    </ClInclude>
    <ClInclude Include="examples\jobTest.h">
      <Filter>Header Files</Filter>
    </ClInclude>
    <ClInclude Include="examples\SystemScheduleTest.h">
      <Filter>Header Files</Filter>
    </ClInclude>
    <ClInclude Include="examples\hashMapTest.h">
      <Filter>Header Files</Filter>
    </ClInclude>
    <ClInclude Include="examples\eventTest.h">
      <Filter>Header Files</Filter>
    </ClInclude>
    <ClInclude Include="examples\parallelCubeDEMO.h">
      <Filter>Header Files</Filter>
    </ClInclude>
    <ClInclude Include="include\Engine\ECS\Component\BasicComponent.h">
      <Filter>Header Files</Filter>
    </ClInclude>
    <ClInclude Include="third_party\imgui\imconfig.h">
      <Filter>Imgui</Filter>
    </ClInclude>
    <ClInclude Include="third_party\imgui\imgui.h">
      <Filter>Imgui</Filter>
    </ClInclude>
    <ClInclude Include="third_party\imgui\imgui_impl_win32.h">
      <Filter>Imgui</Filter>
    </ClInclude>
    <ClInclude Include="third_party\imgui\imgui_internal.h">
      <Filter>Imgui</Filter>
    </ClInclude>
    <ClInclude Include="third_party\imgui\imstb_rectpack.h">
      <Filter>Imgui</Filter>
    </ClInclude>
    <ClInclude Include="third_party\imgui\imstb_textedit.h">
      <Filter>Imgui</Filter>
    </ClInclude>
    <ClInclude Include="third_party\imgui\imstb_truetype.h">
      <Filter>Imgui</Filter>
    </ClInclude>
    <ClInclude Include="third_party\imgui\imgui_impl_dx11.h">
      <Filter>Imgui</Filter>
    </ClInclude>
    <ClInclude Include="include\Engine\JobSystem\JobBarrier.h">
      <Filter>Header Files</Filter>
    </ClInclude>
    <ClInclude Include="include\Engine\JobSystem\JobDebugger.h">
      <Filter>Header Files</Filter>
    </ClInclude>
    <ClInclude Include="include\Engine\JobSystem\JobHandle.hpp">
      <Filter>Header Files</Filter>
    </ClInclude>
    <ClInclude Include="include\Engine\JobSystem\JobManager.h">
      <Filter>Header Files</Filter>
    </ClInclude>
    <ClInclude Include="include\Engine\JobSystem\JobRecorder.h">
      <Filter>Header Files</Filter>
    </ClInclude>
    <ClInclude Include="include\Engine\JobSystem\JobWorker.h">
      <Filter>Header Files</Filter>
    </ClInclude>
    <ClInclude Include="include\Engine\JobSystem\taskPtr.hpp">
      <Filter>Header Files</Filter>
    </ClInclude>
    <ClInclude Include="include\Engine\Containers\HashFunctions.hpp">
      <Filter>Header Files</Filter>
    </ClInclude>
    <ClInclude Include="include\Engine\Containers\HopscotchHashMap.h">
      <Filter>Header Files</Filter>
    </ClInclude>
    <ClInclude Include="include\Engine\Containers\SparseHopscotch.h">
      <Filter>Header Files</Filter>
    </ClInclude>
    <ClInclude Include="include\Engine\Experimental\intrusive_ptr.h">
      <Filter>Header Files</Filter>
    </ClInclude>
    <ClInclude Include="include\Engine\Experimental\JobDeque.hpp">
      <Filter>Header Files</Filter>
    </ClInclude>
    <ClInclude Include="include\Engine\Experimental\ThreadSafeQueue.h">
      <Filter>Header Files</Filter>
    </ClInclude>
    <ClInclude Include="include\Engine\Asset\AssetManager.h">
      <Filter>Header Files</Filter>
    </ClInclude>
    <ClInclude Include="include\Editor\EditorApp.h">
      <Filter>Header Files</Filter>
    </ClInclude>
  </ItemGroup>
</Project>