<?xml version="1.0" encoding="utf-8"?>
<Project ToolsVersion="4.0" xmlns="http://schemas.microsoft.com/developer/msbuild/2003">
  <ItemGroup>
    <Filter Include="Source Files">
      <UniqueIdentifier>{4FC737F1-C7A5-4376-A066-2A32D752A2FF}</UniqueIdentifier>
      <Extensions>cpp;c;cc;cxx;c++;cppm;ixx;def;odl;idl;hpj;bat;asm;asmx</Extensions>
    </Filter>
    <Filter Include="Header Files">
      <UniqueIdentifier>{93995380-89BD-4b04-88EB-625FBE52EBFB}</UniqueIdentifier>
      <Extensions>h;hh;hpp;hxx;h++;hm;inl;inc;ipp;xsd</Extensions>
    </Filter>
    <Filter Include="Resource Files">
      <UniqueIdentifier>{67DA6AB6-F800-4c08-8B7A-83BB121AAD01}</UniqueIdentifier>
      <Extensions>rc;ico;cur;bmp;dlg;rc2;rct;bin;rgs;gif;jpg;jpeg;jpe;resx;tiff;tif;png;wav;mfcribbon-ms</Extensions>
    </Filter>
  </ItemGroup>
  <ItemGroup>
    <ClCompile Include="src\EntityPool.cpp">
      <Filter>Source Files</Filter>
    </ClCompile>
    <ClCompile Include="src\JobManager.cpp">
      <Filter>Source Files</Filter>
    </ClCompile>
    <ClCompile Include="src\JobWorker.cpp">
      <Filter>Source Files</Filter>
    </ClCompile>
    <ClCompile Include="src\main.cpp">
      <Filter>Source Files</Filter>
    </ClCompile>
    <ClCompile Include="src\Scene.cpp">
      <Filter>Source Files</Filter>
    </ClCompile>
    <ClCompile Include="src\SceneView.cpp">
      <Filter>Source Files</Filter>
    </ClCompile>
    <ClCompile Include="src\TaskQueue.cpp">
      <Filter>Source Files</Filter>
    </ClCompile>
  </ItemGroup>
  <ItemGroup>
    <ClInclude Include="include\CallbackList.hpp">
      <Filter>Header Files</Filter>
    </ClInclude>
    <ClInclude Include="include\ChunkAllocator.h">
      <Filter>Header Files</Filter>
    </ClInclude>
    <ClInclude Include="include\Component.h">
      <Filter>Header Files</Filter>
    </ClInclude>
    <ClInclude Include="include\ComponentPoolManager.hpp">
      <Filter>Header Files</Filter>
    </ClInclude>
    <ClInclude Include="include\DebugHelpr.h">
      <Filter>Header Files</Filter>
    </ClInclude>
    <ClInclude Include="include\ecsTest.h">
      <Filter>Header Files</Filter>
    </ClInclude>
    <ClInclude Include="include\Entity.h">
      <Filter>Header Files</Filter>
    </ClInclude>
    <ClInclude Include="include\EntityEventMixin.hpp">
      <Filter>Header Files</Filter>
    </ClInclude>
    <ClInclude Include="include\EntityPool.h">
      <Filter>Header Files</Filter>
    </ClInclude>
    <ClInclude Include="include\Event.h">
      <Filter>Header Files</Filter>
    </ClInclude>
    <ClInclude Include="include\Event.hpp">
      <Filter>Header Files</Filter>
    </ClInclude>
    <ClInclude Include="include\EventDispatcher.hpp">
      <Filter>Header Files</Filter>
    </ClInclude>
    <ClInclude Include="include\EventQueue.hpp">
      <Filter>Header Files</Filter>
    </ClInclude>
    <ClInclude Include="include\group.hpp">
      <Filter>Header Files</Filter>
    </ClInclude>
    <ClInclude Include="include\HashFunctions.hpp">
      <Filter>Header Files</Filter>
    </ClInclude>
    <ClInclude Include="include\HopscotchHashMap.h">
      <Filter>Header Files</Filter>
    </ClInclude>
    <ClInclude Include="include\intrusive_ptr.h">
      <Filter>Header Files</Filter>
    </ClInclude>
    <ClInclude Include="include\JobBarrier.h">
      <Filter>Header Files</Filter>
    </ClInclude>
    <ClInclude Include="include\JobDebugger.h">
      <Filter>Header Files</Filter>
    </ClInclude>
    <ClInclude Include="include\JobDeque.hpp">
      <Filter>Header Files</Filter>
    </ClInclude>
    <ClInclude Include="include\JobHandle.hpp">
      <Filter>Header Files</Filter>
    </ClInclude>
    <ClInclude Include="include\JobManager.h">
      <Filter>Header Files</Filter>
    </ClInclude>
    <ClInclude Include="include\JobRecorder.h">
      <Filter>Header Files</Filter>
    </ClInclude>
    <ClInclude Include="include\JobWorker.h">
      <Filter>Header Files</Filter>
    </ClInclude>
    <ClInclude Include="include\OrderedQueueList.hpp">
      <Filter>Header Files</Filter>
    </ClInclude>
    <ClInclude Include="include\Scene.h">
      <Filter>Header Files</Filter>
    </ClInclude>
    <ClInclude Include="include\SceneView.h">
      <Filter>Header Files</Filter>
    </ClInclude>
    <ClInclude Include="include\Signal.hpp">
      <Filter>Header Files</Filter>
    </ClInclude>
    <ClInclude Include="include\SparseHopscotch.h">
      <Filter>Header Files</Filter>
    </ClInclude>
    <ClInclude Include="include\SparseSet.h">
      <Filter>Header Files</Filter>
    </ClInclude>
    <ClInclude Include="include\Storage.hpp">
      <Filter>Header Files</Filter>
    </ClInclude>
    <ClInclude Include="include\StorageMixin.hpp">
      <Filter>Header Files</Filter>
    </ClInclude>
    <ClInclude Include="include\taskPtr.hpp">
      <Filter>Header Files</Filter>
    </ClInclude>
    <ClInclude Include="include\TaskQueue.h">
      <Filter>Header Files</Filter>
    </ClInclude>
    <ClInclude Include="include\TestFramework.hpp">
      <Filter>Header Files</Filter>
    </ClInclude>
    <ClInclude Include="include\ThreadSafeQueue.h">
      <Filter>Header Files</Filter>
    </ClInclude>
    <ClInclude Include="include\typeList.hpp">
      <Filter>Header Files</Filter>
    </ClInclude>
    <ClInclude Include="include\World.h">
      <Filter>Header Files</Filter>
    </ClInclude>
  </ItemGroup>
</Project>