
Microsoft Visual Studio Solution File, Format Version 12.00
# Visual Studio Version 16
VisualStudioVersion = 16.0.35026.282
MinimumVisualStudioVersion = 10.0.40219.1
Project("{8BC9CEB8-8B4A-11D0-8D11-00A0C91BC942}") = "entityProject", "entityProject.vcxproj", "{4F9D92ED-9597-4943-A281-78FE0C19B973}"
EndProject
Project("{2150E333-8FDC-42A3-9474-1A3956D46DE8}") = "Solution Items", "Solution Items", "{0A3C0ED6-75B2-4029-9EA4-ED3AC51E2DA7}"
	ProjectSection(SolutionItems) = preProject
		include\CallbackList.hpp = include\CallbackList.hpp
		include\ChunkAllocator.h = include\ChunkAllocator.h
		include\Component.h = include\Component.h
		include\ComponentPoolManager.hpp = include\ComponentPoolManager.hpp
		include\DebugHelpr.h = include\DebugHelpr.h
		include\ecsTest.h = include\ecsTest.h
		include\Entity.h = include\Entity.h
		include\EntityEventMixin.hpp = include\EntityEventMixin.hpp
		src\EntityPool.cpp = src\EntityPool.cpp
		include\EntityPool.h = include\EntityPool.h
		include\Event.hpp = include\Event.hpp
		include\EventDispatcher.hpp = include\EventDispatcher.hpp
		include\EventManager.h = include\EventManager.h
		include\EventQueue.hpp = include\EventQueue.hpp
		include\group.hpp = include\group.hpp
		include\HashFunctions.hpp = include\HashFunctions.hpp
		include\HopscotchHashMap.h = include\HopscotchHashMap.h
		include\intrusive_ptr.h = include\intrusive_ptr.h
		include\JobBarrier.h = include\JobBarrier.h
		include\JobDebugger.h = include\JobDebugger.h
		include\JobDeque.hpp = include\JobDeque.hpp
		include\JobHandle.hpp = include\JobHandle.hpp
		src\JobManager.cpp = src\JobManager.cpp
		include\JobManager.h = include\JobManager.h
		include\JobRecorder.h = include\JobRecorder.h
		src\JobWorker.cpp = src\JobWorker.cpp
		include\JobWorker.h = include\JobWorker.h
		src\main.cpp = src\main.cpp
		include\OrderedQueueList.hpp = include\OrderedQueueList.hpp
		src\Scene.cpp = src\Scene.cpp
		include\Scene.h = include\Scene.h
		src\SceneView.cpp = src\SceneView.cpp
		include\SceneView.h = include\SceneView.h
		include\Signal.hpp = include\Signal.hpp
		include\SparseHopscotch.h = include\SparseHopscotch.h
		include\SparseSet.h = include\SparseSet.h
		include\Storage.hpp = include\Storage.hpp
		include\StorageMixin.hpp = include\StorageMixin.hpp
		include\taskPtr.hpp = include\taskPtr.hpp
		src\TaskQueue.cpp = src\TaskQueue.cpp
		include\TaskQueue.h = include\TaskQueue.h
		include\TestFramework.hpp = include\TestFramework.hpp
		include\ThreadSafeQueue.h = include\ThreadSafeQueue.h
		include\typeList.hpp = include\typeList.hpp
		include\World.h = include\World.h
	EndProjectSection
EndProject
Global
	GlobalSection(SolutionConfigurationPlatforms) = preSolution
		Debug|x64 = Debug|x64
		Debug|x86 = Debug|x86
		Release|x64 = Release|x64
		Release|x86 = Release|x86
	EndGlobalSection
	GlobalSection(ProjectConfigurationPlatforms) = postSolution
		{4F9D92ED-9597-4943-A281-78FE0C19B973}.Debug|x64.ActiveCfg = Debug|x64
		{4F9D92ED-9597-4943-A281-78FE0C19B973}.Debug|x64.Build.0 = Debug|x64
		{4F9D92ED-9597-4943-A281-78FE0C19B973}.Debug|x86.ActiveCfg = Debug|Win32
		{4F9D92ED-9597-4943-A281-78FE0C19B973}.Debug|x86.Build.0 = Debug|Win32
		{4F9D92ED-9597-4943-A281-78FE0C19B973}.Release|x64.ActiveCfg = Release|x64
		{4F9D92ED-9597-4943-A281-78FE0C19B973}.Release|x64.Build.0 = Release|x64
		{4F9D92ED-9597-4943-A281-78FE0C19B973}.Release|x86.ActiveCfg = Release|Win32
		{4F9D92ED-9597-4943-A281-78FE0C19B973}.Release|x86.Build.0 = Release|Win32
	EndGlobalSection
	GlobalSection(SolutionProperties) = preSolution
		HideSolutionNode = FALSE
	EndGlobalSection
	GlobalSection(ExtensibilityGlobals) = postSolution
		SolutionGuid = {B19BC255-FCF7-4947-86E0-069ED3239E75}
	EndGlobalSection
EndGlobal
